// !$*UTF8*$!
{
	archiveVersion = 1;
	classes = {
	};
	objectVersion = 46;
	objects = {

/* Begin PBXBuildFile section */
		534FD1032063BDA600ADF132 /* main.m in Sources */ = {isa = PBXBuildFile; fileRef = 534FD1022063BDA600ADF132 /* main.m */; };
		534FD1062063BDA600ADF132 /* AppDelegate.m in Sources */ = {isa = PBXBuildFile; fileRef = 534FD1052063BDA600ADF132 /* AppDelegate.m */; };
		534FD1092063BDA600ADF132 /* ViewController.m in Sources */ = {isa = PBXBuildFile; fileRef = 534FD1082063BDA600ADF132 /* ViewController.m */; };
		534FD10C2063BDA600ADF132 /* Main.storyboard in Resources */ = {isa = PBXBuildFile; fileRef = 534FD10A2063BDA600ADF132 /* Main.storyboard */; };
		534FD10E2063BDA600ADF132 /* Assets.xcassets in Resources */ = {isa = PBXBuildFile; fileRef = 534FD10D2063BDA600ADF132 /* Assets.xcassets */; };
		534FD1112063BDA600ADF132 /* LaunchScreen.storyboard in Resources */ = {isa = PBXBuildFile; fileRef = 534FD10F2063BDA600ADF132 /* LaunchScreen.storyboard */; };
		53DA7C0020649DB800151B55 /* Utility.m in Sources */ = {isa = PBXBuildFile; fileRef = 53DA7BFF20649DB800151B55 /* Utility.m */; };
		AF2F04456B1B3FC69271511B /* libPods-Demo.a in Frameworks */ = {isa = PBXBuildFile; fileRef = C417B22ACF1AE2D07532B3E2 /* libPods-Demo.a */; };
/* End PBXBuildFile section */

/* Begin PBXFileReference section */
		534FD0FE2063BDA600ADF132 /* Demo.app */ = {isa = PBXFileReference; explicitFileType = wrapper.application; includeInIndex = 0; path = Demo.app; sourceTree = BUILT_PRODUCTS_DIR; };
		534FD1022063BDA600ADF132 /* main.m */ = {isa = PBXFileReference; lastKnownFileType = sourcecode.c.objc; path = main.m; sourceTree = "<group>"; };
		534FD1042063BDA600ADF132 /* AppDelegate.h */ = {isa = PBXFileReference; lastKnownFileType = sourcecode.c.h; path = AppDelegate.h; sourceTree = "<group>"; };
		534FD1052063BDA600ADF132 /* AppDelegate.m */ = {isa = PBXFileReference; lastKnownFileType = sourcecode.c.objc; path = AppDelegate.m; sourceTree = "<group>"; };
		534FD1072063BDA600ADF132 /* ViewController.h */ = {isa = PBXFileReference; lastKnownFileType = sourcecode.c.h; path = ViewController.h; sourceTree = "<group>"; };
		534FD1082063BDA600ADF132 /* ViewController.m */ = {isa = PBXFileReference; lastKnownFileType = sourcecode.c.objc; path = ViewController.m; sourceTree = "<group>"; };
		534FD10B2063BDA600ADF132 /* Base */ = {isa = PBXFileReference; lastKnownFileType = file.storyboard; name = Base; path = Base.lproj/Main.storyboard; sourceTree = "<group>"; };
		534FD10D2063BDA600ADF132 /* Assets.xcassets */ = {isa = PBXFileReference; lastKnownFileType = folder.assetcatalog; path = Assets.xcassets; sourceTree = "<group>"; };
		534FD1102063BDA600ADF132 /* Base */ = {isa = PBXFileReference; lastKnownFileType = file.storyboard; name = Base; path = Base.lproj/LaunchScreen.storyboard; sourceTree = "<group>"; };
		534FD1122063BDA600ADF132 /* Info.plist */ = {isa = PBXFileReference; lastKnownFileType = text.plist.xml; path = Info.plist; sourceTree = "<group>"; };
		53DA7BFE20649DB800151B55 /* Utility.h */ = {isa = PBXFileReference; fileEncoding = 4; lastKnownFileType = sourcecode.c.h; path = Utility.h; sourceTree = "<group>"; };
		53DA7BFF20649DB800151B55 /* Utility.m */ = {isa = PBXFileReference; fileEncoding = 4; lastKnownFileType = sourcecode.c.objc; path = Utility.m; sourceTree = "<group>"; };
		6114F5F2AD1D1FB8CAA1130A /* Pods-Demo.debug.xcconfig */ = {isa = PBXFileReference; includeInIndex = 1; lastKnownFileType = text.xcconfig; name = "Pods-Demo.debug.xcconfig"; path = "Pods/Target Support Files/Pods-Demo/Pods-Demo.debug.xcconfig"; sourceTree = "<group>"; };
		69009E973AE0B12472C7775B /* Pods-Demo.release.xcconfig */ = {isa = PBXFileReference; includeInIndex = 1; lastKnownFileType = text.xcconfig; name = "Pods-Demo.release.xcconfig"; path = "Pods/Target Support Files/Pods-Demo/Pods-Demo.release.xcconfig"; sourceTree = "<group>"; };
		C417B22ACF1AE2D07532B3E2 /* libPods-Demo.a */ = {isa = PBXFileReference; explicitFileType = archive.ar; includeInIndex = 0; path = "libPods-Demo.a"; sourceTree = BUILT_PRODUCTS_DIR; };
/* End PBXFileReference section */

/* Begin PBXFrameworksBuildPhase section */
		534FD0FB2063BDA600ADF132 /* Frameworks */ = {
			isa = PBXFrameworksBuildPhase;
			buildActionMask = 2147483647;
			files = (
				AF2F04456B1B3FC69271511B /* libPods-Demo.a in Frameworks */,
			);
			runOnlyForDeploymentPostprocessing = 0;
		};
/* End PBXFrameworksBuildPhase section */

/* Begin PBXGroup section */
		534FD0F52063BDA600ADF132 = {
			isa = PBXGroup;
			children = (
				534FD1002063BDA600ADF132 /* Demo */,
				534FD0FF2063BDA600ADF132 /* Products */,
				7901C0500DB58D9E7ECC7AED /* Pods */,
				FDAD5A03036B9A6BCCEF828D /* Frameworks */,
			);
			sourceTree = "<group>";
		};
		534FD0FF2063BDA600ADF132 /* Products */ = {
			isa = PBXGroup;
			children = (
				534FD0FE2063BDA600ADF132 /* Demo.app */,
			);
			name = Products;
			sourceTree = "<group>";
		};
		534FD1002063BDA600ADF132 /* Demo */ = {
			isa = PBXGroup;
			children = (
				534FD1042063BDA600ADF132 /* AppDelegate.h */,
				534FD1052063BDA600ADF132 /* AppDelegate.m */,
				534FD1072063BDA600ADF132 /* ViewController.h */,
				534FD1082063BDA600ADF132 /* ViewController.m */,
				534FD10A2063BDA600ADF132 /* Main.storyboard */,
				53DA7BFE20649DB800151B55 /* Utility.h */,
				53DA7BFF20649DB800151B55 /* Utility.m */,
				534FD10D2063BDA600ADF132 /* Assets.xcassets */,
				534FD10F2063BDA600ADF132 /* LaunchScreen.storyboard */,
				534FD1122063BDA600ADF132 /* Info.plist */,
				534FD1012063BDA600ADF132 /* Supporting Files */,
			);
			path = Demo;
			sourceTree = "<group>";
		};
		534FD1012063BDA600ADF132 /* Supporting Files */ = {
			isa = PBXGroup;
			children = (
				534FD1022063BDA600ADF132 /* main.m */,
			);
			name = "Supporting Files";
			sourceTree = "<group>";
		};
		7901C0500DB58D9E7ECC7AED /* Pods */ = {
			isa = PBXGroup;
			children = (
				6114F5F2AD1D1FB8CAA1130A /* Pods-Demo.debug.xcconfig */,
				69009E973AE0B12472C7775B /* Pods-Demo.release.xcconfig */,
			);
			name = Pods;
			sourceTree = "<group>";
		};
		FDAD5A03036B9A6BCCEF828D /* Frameworks */ = {
			isa = PBXGroup;
			children = (
				C417B22ACF1AE2D07532B3E2 /* libPods-Demo.a */,
			);
			name = Frameworks;
			sourceTree = "<group>";
		};
/* End PBXGroup section */

/* Begin PBXNativeTarget section */
		534FD0FD2063BDA600ADF132 /* Demo */ = {
			isa = PBXNativeTarget;
			buildConfigurationList = 534FD1152063BDA600ADF132 /* Build configuration list for PBXNativeTarget "Demo" */;
			buildPhases = (
				29EF5DF7EDA233D361955D05 /* [CP] Check Pods Manifest.lock */,
				534FD0FA2063BDA600ADF132 /* Sources */,
				534FD0FB2063BDA600ADF132 /* Frameworks */,
				534FD0FC2063BDA600ADF132 /* Resources */,
				16931A1A3BBFA9A1036254EF /* [CP] Embed Pods Frameworks */,
				91D419560611E4A5FE69D3B1 /* [CP] Copy Pods Resources */,
			);
			buildRules = (
			);
			dependencies = (
			);
			name = Demo;
			productName = Demo;
			productReference = 534FD0FE2063BDA600ADF132 /* Demo.app */;
			productType = "com.apple.product-type.application";
		};
/* End PBXNativeTarget section */

/* Begin PBXProject section */
		534FD0F62063BDA600ADF132 /* Project object */ = {
			isa = PBXProject;
			attributes = {
				LastUpgradeCheck = 0830;
				ORGANIZATIONNAME = "Vaishali Patel";
				TargetAttributes = {
					534FD0FD2063BDA600ADF132 = {
						CreatedOnToolsVersion = 8.3.3;
						ProvisioningStyle = Automatic;
					};
				};
			};
			buildConfigurationList = 534FD0F92063BDA600ADF132 /* Build configuration list for PBXProject "Demo" */;
			compatibilityVersion = "Xcode 3.2";
			developmentRegion = English;
			hasScannedForEncodings = 0;
			knownRegions = (
				en,
				Base,
			);
			mainGroup = 534FD0F52063BDA600ADF132;
			productRefGroup = 534FD0FF2063BDA600ADF132 /* Products */;
			projectDirPath = "";
			projectRoot = "";
			targets = (
				534FD0FD2063BDA600ADF132 /* Demo */,
			);
		};
/* End PBXProject section */

/* Begin PBXResourcesBuildPhase section */
		534FD0FC2063BDA600ADF132 /* Resources */ = {
			isa = PBXResourcesBuildPhase;
			buildActionMask = 2147483647;
			files = (
				534FD1112063BDA600ADF132 /* LaunchScreen.storyboard in Resources */,
				534FD10E2063BDA600ADF132 /* Assets.xcassets in Resources */,
				534FD10C2063BDA600ADF132 /* Main.storyboard in Resources */,
			);
			runOnlyForDeploymentPostprocessing = 0;
		};
/* End PBXResourcesBuildPhase section */

/* Begin PBXShellScriptBuildPhase section */
		16931A1A3BBFA9A1036254EF /* [CP] Embed Pods Frameworks */ = {
			isa = PBXShellScriptBuildPhase;
			buildActionMask = 2147483647;
			files = (
			);
			inputPaths = (
			);
			name = "[CP] Embed Pods Frameworks";
			outputPaths = (
			);
			runOnlyForDeploymentPostprocessing = 0;
			shellPath = /bin/sh;
			shellScript = "\"${SRCROOT}/Pods/Target Support Files/Pods-Demo/Pods-Demo-frameworks.sh\"\n";
			showEnvVarsInLog = 0;
		};
		29EF5DF7EDA233D361955D05 /* [CP] Check Pods Manifest.lock */ = {
			isa = PBXShellScriptBuildPhase;
			buildActionMask = 2147483647;
			files = (
			);
			inputPaths = (
				"${PODS_PODFILE_DIR_PATH}/Podfile.lock",
				"${PODS_ROOT}/Manifest.lock",
			);
			name = "[CP] Check Pods Manifest.lock";
			outputPaths = (
				"$(DERIVED_FILE_DIR)/Pods-Demo-checkManifestLockResult.txt",
			);
			runOnlyForDeploymentPostprocessing = 0;
			shellPath = /bin/sh;
			shellScript = "diff \"${PODS_PODFILE_DIR_PATH}/Podfile.lock\" \"${PODS_ROOT}/Manifest.lock\" > /dev/null\nif [ $? != 0 ] ; then\n    # print error to STDERR\n    echo \"error: The sandbox is not in sync with the Podfile.lock. Run 'pod install' or update your CocoaPods installation.\" >&2\n    exit 1\nfi\n# This output is used by Xcode 'outputs' to avoid re-running this script phase.\necho \"SUCCESS\" > \"${SCRIPT_OUTPUT_FILE_0}\"\n";
			showEnvVarsInLog = 0;
		};
		91D419560611E4A5FE69D3B1 /* [CP] Copy Pods Resources */ = {
			isa = PBXShellScriptBuildPhase;
			buildActionMask = 2147483647;
			files = (
			);
			inputPaths = (
			);
			name = "[CP] Copy Pods Resources";
			outputPaths = (
			);
			runOnlyForDeploymentPostprocessing = 0;
			shellPath = /bin/sh;
			shellScript = "\"${SRCROOT}/Pods/Target Support Files/Pods-Demo/Pods-Demo-resources.sh\"\n";
			showEnvVarsInLog = 0;
		};
/* End PBXShellScriptBuildPhase section */

/* Begin PBXSourcesBuildPhase section */
		534FD0FA2063BDA600ADF132 /* Sources */ = {
			isa = PBXSourcesBuildPhase;
			buildActionMask = 2147483647;
			files = (
				53DA7C0020649DB800151B55 /* Utility.m in Sources */,
				534FD1092063BDA600ADF132 /* ViewController.m in Sources */,
				534FD1062063BDA600ADF132 /* AppDelegate.m in Sources */,
				534FD1032063BDA600ADF132 /* main.m in Sources */,
			);
			runOnlyForDeploymentPostprocessing = 0;
		};
/* End PBXSourcesBuildPhase section */

/* Begin PBXVariantGroup section */
		534FD10A2063BDA600ADF132 /* Main.storyboard */ = {
			isa = PBXVariantGroup;
			children = (
				534FD10B2063BDA600ADF132 /* Base */,
			);
			name = Main.storyboard;
			sourceTree = "<group>";
		};
		534FD10F2063BDA600ADF132 /* LaunchScreen.storyboard */ = {
			isa = PBXVariantGroup;
			children = (
				534FD1102063BDA600ADF132 /* Base */,
			);
			name = LaunchScreen.storyboard;
			sourceTree = "<group>";
		};
/* End PBXVariantGroup section */

/* Begin XCBuildConfiguration section */
		534FD1132063BDA600ADF132 /* Debug */ = {
			isa = XCBuildConfiguration;
			buildSettings = {
				ALWAYS_SEARCH_USER_PATHS = NO;
				CLANG_ANALYZER_NONNULL = YES;
				CLANG_ANALYZER_NUMBER_OBJECT_CONVERSION = YES_AGGRESSIVE;
				CLANG_CXX_LANGUAGE_STANDARD = "gnu++0x";
				CLANG_CXX_LIBRARY = "libc++";
				CLANG_ENABLE_MODULES = YES;
				CLANG_ENABLE_OBJC_ARC = YES;
				CLANG_WARN_BOOL_CONVERSION = YES;
				CLANG_WARN_CONSTANT_CONVERSION = YES;
				CLANG_WARN_DIRECT_OBJC_ISA_USAGE = YES_ERROR;
				CLANG_WARN_DOCUMENTATION_COMMENTS = YES;
				CLANG_WARN_EMPTY_BODY = YES;
				CLANG_WARN_ENUM_CONVERSION = YES;
				CLANG_WARN_INFINITE_RECURSION = YES;
				CLANG_WARN_INT_CONVERSION = YES;
				CLANG_WARN_OBJC_ROOT_CLASS = YES_ERROR;
				CLANG_WARN_SUSPICIOUS_MOVE = YES;
				CLANG_WARN_UNREACHABLE_CODE = YES;
				CLANG_WARN__DUPLICATE_METHOD_MATCH = YES;
				"CODE_SIGN_IDENTITY[sdk=iphoneos*]" = "iPhone Developer";
				COPY_PHASE_STRIP = NO;
				DEBUG_INFORMATION_FORMAT = dwarf;
				ENABLE_STRICT_OBJC_MSGSEND = YES;
				ENABLE_TESTABILITY = YES;
				GCC_C_LANGUAGE_STANDARD = gnu99;
				GCC_DYNAMIC_NO_PIC = NO;
				GCC_NO_COMMON_BLOCKS = YES;
				GCC_OPTIMIZATION_LEVEL = 0;
				GCC_PREPROCESSOR_DEFINITIONS = (
					"DEBUG=1",
					"$(inherited)",
				);
				GCC_WARN_64_TO_32_BIT_CONVERSION = YES;
				GCC_WARN_ABOUT_RETURN_TYPE = YES_ERROR;
				GCC_WARN_UNDECLARED_SELECTOR = YES;
				GCC_WARN_UNINITIALIZED_AUTOS = YES_AGGRESSIVE;
				GCC_WARN_UNUSED_FUNCTION = YES;
				GCC_WARN_UNUSED_VARIABLE = YES;
				IPHONEOS_DEPLOYMENT_TARGET = 10.3;
				MTL_ENABLE_DEBUG_INFO = YES;
				ONLY_ACTIVE_ARCH = YES;
				SDKROOT = iphoneos;
			};
			name = Debug;
		};
		534FD1142063BDA600ADF132 /* Release */ = {
			isa = XCBuildConfiguration;
			buildSettings = {
				ALWAYS_SEARCH_USER_PATHS = NO;
				CLANG_ANALYZER_NONNULL = YES;
				CLANG_ANALYZER_NUMBER_OBJECT_CONVERSION = YES_AGGRESSIVE;
				CLANG_CXX_LANGUAGE_STANDARD = "gnu++0x";
				CLANG_CXX_LIBRARY = "libc++";
				CLANG_ENABLE_MODULES = YES;
				CLANG_ENABLE_OBJC_ARC = YES;
				CLANG_WARN_BOOL_CONVERSION = YES;
				CLANG_WARN_CONSTANT_CONVERSION = YES;
				CLANG_WARN_DIRECT_OBJC_ISA_USAGE = YES_ERROR;
				CLANG_WARN_DOCUMENTATION_COMMENTS = YES;
				CLANG_WARN_EMPTY_BODY = YES;
				CLANG_WARN_ENUM_CONVERSION = YES;
				CLANG_WARN_INFINITE_RECURSION = YES;
				CLANG_WARN_INT_CONVERSION = YES;
				CLANG_WARN_OBJC_ROOT_CLASS = YES_ERROR;
				CLANG_WARN_SUSPICIOUS_MOVE = YES;
				CLANG_WARN_UNREACHABLE_CODE = YES;
				CLANG_WARN__DUPLICATE_METHOD_MATCH = YES;
				"CODE_SIGN_IDENTITY[sdk=iphoneos*]" = "iPhone Developer";
				COPY_PHASE_STRIP = NO;
				DEBUG_INFORMATION_FORMAT = "dwarf-with-dsym";
				ENABLE_NS_ASSERTIONS = NO;
				ENABLE_STRICT_OBJC_MSGSEND = YES;
				GCC_C_LANGUAGE_STANDARD = gnu99;
				GCC_NO_COMMON_BLOCKS = YES;
				GCC_WARN_64_TO_32_BIT_CONVERSION = YES;
				GCC_WARN_ABOUT_RETURN_TYPE = YES_ERROR;
				GCC_WARN_UNDECLARED_SELECTOR = YES;
				GCC_WARN_UNINITIALIZED_AUTOS = YES_AGGRESSIVE;
				GCC_WARN_UNUSED_FUNCTION = YES;
				GCC_WARN_UNUSED_VARIABLE = YES;
				IPHONEOS_DEPLOYMENT_TARGET = 10.3;
				MTL_ENABLE_DEBUG_INFO = NO;
				SDKROOT = iphoneos;
				VALIDATE_PRODUCT = YES;
			};
			name = Release;
		};
		534FD1162063BDA600ADF132 /* Debug */ = {
			isa = XCBuildConfiguration;
			baseConfigurationReference = 6114F5F2AD1D1FB8CAA1130A /* Pods-Demo.debug.xcconfig */;
			buildSettings = {
				ASSETCATALOG_COMPILER_APPICON_NAME = AppIcon;
				INFOPLIST_FILE = Demo/Info.plist;
				LD_RUNPATH_SEARCH_PATHS = "$(inherited) @executable_path/Frameworks";
				PRODUCT_BUNDLE_IDENTIFIER = com.vaishali.Demo;
				PRODUCT_NAME = "$(TARGET_NAME)";
			};
			name = Debug;
		};
		534FD1172063BDA600ADF132 /* Release */ = {
			isa = XCBuildConfiguration;
			baseConfigurationReference = 69009E973AE0B12472C7775B /* Pods-Demo.release.xcconfig */;
			buildSettings = {
				ASSETCATALOG_COMPILER_APPICON_NAME = AppIcon;
				INFOPLIST_FILE = Demo/Info.plist;
				LD_RUNPATH_SEARCH_PATHS = "$(inherited) @executable_path/Frameworks";
				PRODUCT_BUNDLE_IDENTIFIER = com.vaishali.Demo;
				PRODUCT_NAME = "$(TARGET_NAME)";
			};
			name = Release;
		};
/* End XCBuildConfiguration section */

/* Begin XCConfigurationList section */
		534FD0F92063BDA600ADF132 /* Build configuration list for PBXProject "Demo" */ = {
			isa = XCConfigurationList;
			buildConfigurations = (
				534FD1132063BDA600ADF132 /* Debug */,
				534FD1142063BDA600ADF132 /* Release */,
			);
			defaultConfigurationIsVisible = 0;
			defaultConfigurationName = Release;
		};
		534FD1152063BDA600ADF132 /* Build configuration list for PBXNativeTarget "Demo" */ = {
			isa = XCConfigurationList;
			buildConfigurations = (
				534FD1162063BDA600ADF132 /* Debug */,
				534FD1172063BDA600ADF132 /* Release */,
			);
			defaultConfigurationIsVisible = 0;
			defaultConfigurationName = Release;
		};
/* End XCConfigurationList section */
	};
	rootObject = 534FD0F62063BDA600ADF132 /* Project object */;
}
